
Microsoft Visual Studio Solution File, Format Version 12.00
# Visual Studio Version 16
VisualStudioVersion = 16.0.30330.147
MinimumVisualStudioVersion = 10.0.40219.1
Project("{FAE04EC0-301F-11D3-BF4B-00C04F79EFBC}") = "CalculateGUI", "CalculateGUI\CalculateGUI.csproj", "{0A641606-2149-4878-A593-0B40D5964703}"
EndProject
Project("{FAE04EC0-301F-11D3-BF4B-00C04F79EFBC}") = "ClassLib", "ClassLib\ClassLib.csproj", "{51FB3D72-572D-4A5F-9E24-912BB486BF78}"
EndProject
Project("{FAE04EC0-301F-11D3-BF4B-00C04F79EFBC}") = "MarketCalculatorTest", "MarketCalculatorTest\MarketCalculatorTest.csproj", "{CCD1B954-87A3-46CF-9580-6870E8EE7374}"
EndProject
Global
	GlobalSection(SolutionConfigurationPlatforms) = preSolution
		Debug|Any CPU = Debug|Any CPU
		Release|Any CPU = Release|Any CPU
	EndGlobalSection
	GlobalSection(ProjectConfigurationPlatforms) = postSolution
		{0A641606-2149-4878-A593-0B40D5964703}.Debug|Any CPU.ActiveCfg = Debug|Any CPU
		{0A641606-2149-4878-A593-0B40D5964703}.Debug|Any CPU.Build.0 = Debug|Any CPU
		{0A641606-2149-4878-A593-0B40D5964703}.Release|Any CPU.ActiveCfg = Release|Any CPU
		{0A641606-2149-4878-A593-0B40D5964703}.Release|Any CPU.Build.0 = Release|Any CPU
		{51FB3D72-572D-4A5F-9E24-912BB486BF78}.Debug|Any CPU.ActiveCfg = Debug|Any CPU
		{51FB3D72-572D-4A5F-9E24-912BB486BF78}.Debug|Any CPU.Build.0 = Debug|Any CPU
		{51FB3D72-572D-4A5F-9E24-912BB486BF78}.Release|Any CPU.ActiveCfg = Release|Any CPU
		{51FB3D72-572D-4A5F-9E24-912BB486BF78}.Release|Any CPU.Build.0 = Release|Any CPU
		{CCD1B954-87A3-46CF-9580-6870E8EE7374}.Debug|Any CPU.ActiveCfg = Debug|Any CPU
		{CCD1B954-87A3-46CF-9580-6870E8EE7374}.Debug|Any CPU.Build.0 = Debug|Any CPU
		{CCD1B954-87A3-46CF-9580-6870E8EE7374}.Release|Any CPU.ActiveCfg = Release|Any CPU
		{CCD1B954-87A3-46CF-9580-6870E8EE7374}.Release|Any CPU.Build.0 = Release|Any CPU
	EndGlobalSection
	GlobalSection(SolutionProperties) = preSolution
		HideSolutionNode = FALSE
	EndGlobalSection
	GlobalSection(ExtensibilityGlobals) = postSolution
		SolutionGuid = {516D55BB-363C-426C-B1EC-AF5D5B89CE5D}
	EndGlobalSection
EndGlobal
